
Microsoft Visual Studio Solution File, Format Version 12.00
# Visual Studio Version 17
VisualStudioVersion = 17.10.35122.118
MinimumVisualStudioVersion = 10.0.40219.1
Project("{FAE04EC0-301F-11D3-BF4B-00C04F79EFBC}") = "Getters and setters", "Getters and setters\Getters and setters.csproj", "{5A366A7A-2AF4-4E6B-AE9C-6B0E9BA8A1EF}"
EndProject
Global
	GlobalSection(SolutionConfigurationPlatforms) = preSolution
		Debug|Any CPU = Debug|Any CPU
		Release|Any CPU = Release|Any CPU
	EndGlobalSection
	GlobalSection(ProjectConfigurationPlatforms) = postSolution
		{5A366A7A-2AF4-4E6B-AE9C-6B0E9BA8A1EF}.Debug|Any CPU.ActiveCfg = Debug|Any CPU
		{5A366A7A-2AF4-4E6B-AE9C-6B0E9BA8A1EF}.Debug|Any CPU.Build.0 = Debug|Any CPU
		{5A366A7A-2AF4-4E6B-AE9C-6B0E9BA8A1EF}.Release|Any CPU.ActiveCfg = Release|Any CPU
		{5A366A7A-2AF4-4E6B-AE9C-6B0E9BA8A1EF}.Release|Any CPU.Build.0 = Release|Any CPU
	EndGlobalSection
	GlobalSection(SolutionProperties) = preSolution
		HideSolutionNode = FALSE
	EndGlobalSection
	GlobalSection(ExtensibilityGlobals) = postSolution
		SolutionGuid = {08B9EAE3-F2A2-46E5-ABF4-609DA20600C8}
	EndGlobalSection
EndGlobal
